// !$*UTF8*$!
{
	archiveVersion = 1;
	classes = {
	};
	objectVersion = 56;
	objects = {

/* Begin PBXBuildFile section */
		5B9BF0FBE5191BB2BBF9B84D /* Pods_NEUStockApp.framework in Frameworks */ = {isa = PBXBuildFile; fileRef = 535654CFCB30B71E73CFC78E /* Pods_NEUStockApp.framework */; };
		B32FAA4829984ADD00934242 /* AppDelegate.swift in Sources */ = {isa = PBXBuildFile; fileRef = B32FAA4729984ADD00934242 /* AppDelegate.swift */; };
		B32FAA4A29984ADD00934242 /* SceneDelegate.swift in Sources */ = {isa = PBXBuildFile; fileRef = B32FAA4929984ADD00934242 /* SceneDelegate.swift */; };
		B32FAA4C29984ADD00934242 /* ViewController.swift in Sources */ = {isa = PBXBuildFile; fileRef = B32FAA4B29984ADD00934242 /* ViewController.swift */; };
		B32FAA4F29984ADD00934242 /* Main.storyboard in Resources */ = {isa = PBXBuildFile; fileRef = B32FAA4D29984ADD00934242 /* Main.storyboard */; };
		B32FAA5129984AE000934242 /* Assets.xcassets in Resources */ = {isa = PBXBuildFile; fileRef = B32FAA5029984AE000934242 /* Assets.xcassets */; };
		B32FAA5429984AE000934242 /* LaunchScreen.storyboard in Resources */ = {isa = PBXBuildFile; fileRef = B32FAA5229984AE000934242 /* LaunchScreen.storyboard */; };
		B32FAA5D29984C8D00934242 /* Constant.swift in Sources */ = {isa = PBXBuildFile; fileRef = B32FAA5C29984C8D00934242 /* Constant.swift */; };
/* End PBXBuildFile section */

/* Begin PBXFileReference section */
		535654CFCB30B71E73CFC78E /* Pods_NEUStockApp.framework */ = {isa = PBXFileReference; explicitFileType = wrapper.framework; includeInIndex = 0; path = Pods_NEUStockApp.framework; sourceTree = BUILT_PRODUCTS_DIR; };
		58B235BD012AC2CE7C2A5BD7 /* Pods-NEUStockApp.debug.xcconfig */ = {isa = PBXFileReference; includeInIndex = 1; lastKnownFileType = text.xcconfig; name = "Pods-NEUStockApp.debug.xcconfig"; path = "Target Support Files/Pods-NEUStockApp/Pods-NEUStockApp.debug.xcconfig"; sourceTree = "<group>"; };
		B32FAA4429984ADD00934242 /* NEUStockApp.app */ = {isa = PBXFileReference; explicitFileType = wrapper.application; includeInIndex = 0; path = NEUStockApp.app; sourceTree = BUILT_PRODUCTS_DIR; };
		B32FAA4729984ADD00934242 /* AppDelegate.swift */ = {isa = PBXFileReference; lastKnownFileType = sourcecode.swift; path = AppDelegate.swift; sourceTree = "<group>"; };
		B32FAA4929984ADD00934242 /* SceneDelegate.swift */ = {isa = PBXFileReference; lastKnownFileType = sourcecode.swift; path = SceneDelegate.swift; sourceTree = "<group>"; };
		B32FAA4B29984ADD00934242 /* ViewController.swift */ = {isa = PBXFileReference; lastKnownFileType = sourcecode.swift; path = ViewController.swift; sourceTree = "<group>"; };
		B32FAA4E29984ADD00934242 /* Base */ = {isa = PBXFileReference; lastKnownFileType = file.storyboard; name = Base; path = Base.lproj/Main.storyboard; sourceTree = "<group>"; };
		B32FAA5029984AE000934242 /* Assets.xcassets */ = {isa = PBXFileReference; lastKnownFileType = folder.assetcatalog; path = Assets.xcassets; sourceTree = "<group>"; };
		B32FAA5329984AE000934242 /* Base */ = {isa = PBXFileReference; lastKnownFileType = file.storyboard; name = Base; path = Base.lproj/LaunchScreen.storyboard; sourceTree = "<group>"; };
		B32FAA5529984AE000934242 /* Info.plist */ = {isa = PBXFileReference; lastKnownFileType = text.plist.xml; path = Info.plist; sourceTree = "<group>"; };
		B32FAA5C29984C8D00934242 /* Constant.swift */ = {isa = PBXFileReference; lastKnownFileType = sourcecode.swift; path = Constant.swift; sourceTree = "<group>"; };
		C0145A78A86CACC36A7C1B37 /* Pods-NEUStockApp.release.xcconfig */ = {isa = PBXFileReference; includeInIndex = 1; lastKnownFileType = text.xcconfig; name = "Pods-NEUStockApp.release.xcconfig"; path = "Target Support Files/Pods-NEUStockApp/Pods-NEUStockApp.release.xcconfig"; sourceTree = "<group>"; };
/* End PBXFileReference section */

/* Begin PBXFrameworksBuildPhase section */
		B32FAA4129984ADD00934242 /* Frameworks */ = {
			isa = PBXFrameworksBuildPhase;
			buildActionMask = 2147483647;
			files = (
				5B9BF0FBE5191BB2BBF9B84D /* Pods_NEUStockApp.framework in Frameworks */,
			);
			runOnlyForDeploymentPostprocessing = 0;
		};
/* End PBXFrameworksBuildPhase section */

/* Begin PBXGroup section */
		71298553A5DBBA7FA5CAE213 /* Pods */ = {
			isa = PBXGroup;
			children = (
				58B235BD012AC2CE7C2A5BD7 /* Pods-NEUStockApp.debug.xcconfig */,
				C0145A78A86CACC36A7C1B37 /* Pods-NEUStockApp.release.xcconfig */,
			);
			name = Pods;
			path = Pods;
			sourceTree = "<group>";
		};
		B32FAA3B29984ADD00934242 = {
			isa = PBXGroup;
			children = (
				B32FAA4629984ADD00934242 /* NEUStockApp */,
				B32FAA4529984ADD00934242 /* Products */,
				71298553A5DBBA7FA5CAE213 /* Pods */,
				F15C44A412DA1B39377A84F0 /* Frameworks */,
			);
			sourceTree = "<group>";
		};
		B32FAA4529984ADD00934242 /* Products */ = {
			isa = PBXGroup;
			children = (
				B32FAA4429984ADD00934242 /* NEUStockApp.app */,
			);
			name = Products;
			sourceTree = "<group>";
		};
		B32FAA4629984ADD00934242 /* NEUStockApp */ = {
			isa = PBXGroup;
			children = (
				B32FAA5B29984C5600934242 /* Utills */,
				B32FAA4729984ADD00934242 /* AppDelegate.swift */,
				B32FAA4929984ADD00934242 /* SceneDelegate.swift */,
				B32FAA4B29984ADD00934242 /* ViewController.swift */,
				B32FAA4D29984ADD00934242 /* Main.storyboard */,
				B32FAA5029984AE000934242 /* Assets.xcassets */,
				B32FAA5229984AE000934242 /* LaunchScreen.storyboard */,
				B32FAA5529984AE000934242 /* Info.plist */,
			);
			path = NEUStockApp;
			sourceTree = "<group>";
		};
		B32FAA5B29984C5600934242 /* Utills */ = {
			isa = PBXGroup;
			children = (
				B32FAA5C29984C8D00934242 /* Constant.swift */,
			);
			path = Utills;
			sourceTree = "<group>";
		};
		F15C44A412DA1B39377A84F0 /* Frameworks */ = {
			isa = PBXGroup;
			children = (
				535654CFCB30B71E73CFC78E /* Pods_NEUStockApp.framework */,
			);
			name = Frameworks;
			sourceTree = "<group>";
		};
/* End PBXGroup section */

/* Begin PBXNativeTarget section */
		B32FAA4329984ADD00934242 /* NEUStockApp */ = {
			isa = PBXNativeTarget;
			buildConfigurationList = B32FAA5829984AE000934242 /* Build configuration list for PBXNativeTarget "NEUStockApp" */;
			buildPhases = (
				8765C58397F37B2EB1E736C3 /* [CP] Check Pods Manifest.lock */,
				B32FAA4029984ADD00934242 /* Sources */,
				B32FAA4129984ADD00934242 /* Frameworks */,
				B32FAA4229984ADD00934242 /* Resources */,
				8766D21E47D53C57106ABC62 /* [CP] Embed Pods Frameworks */,
			);
			buildRules = (
			);
			dependencies = (
			);
			name = NEUStockApp;
			productName = NEUStockApp;
			productReference = B32FAA4429984ADD00934242 /* NEUStockApp.app */;
			productType = "com.apple.product-type.application";
		};
/* End PBXNativeTarget section */

/* Begin PBXProject section */
		B32FAA3C29984ADD00934242 /* Project object */ = {
			isa = PBXProject;
			attributes = {
				BuildIndependentTargetsInParallel = 1;
				LastSwiftUpdateCheck = 1420;
				LastUpgradeCheck = 1420;
				TargetAttributes = {
					B32FAA4329984ADD00934242 = {
						CreatedOnToolsVersion = 14.2;
					};
				};
			};
			buildConfigurationList = B32FAA3F29984ADD00934242 /* Build configuration list for PBXProject "NEUStockApp" */;
			compatibilityVersion = "Xcode 14.0";
			developmentRegion = en;
			hasScannedForEncodings = 0;
			knownRegions = (
				en,
				Base,
			);
			mainGroup = B32FAA3B29984ADD00934242;
			productRefGroup = B32FAA4529984ADD00934242 /* Products */;
			projectDirPath = "";
			projectRoot = "";
			targets = (
				B32FAA4329984ADD00934242 /* NEUStockApp */,
			);
		};
/* End PBXProject section */

/* Begin PBXResourcesBuildPhase section */
		B32FAA4229984ADD00934242 /* Resources */ = {
			isa = PBXResourcesBuildPhase;
			buildActionMask = 2147483647;
			files = (
				B32FAA5429984AE000934242 /* LaunchScreen.storyboard in Resources */,
				B32FAA5129984AE000934242 /* Assets.xcassets in Resources */,
				B32FAA4F29984ADD00934242 /* Main.storyboard in Resources */,
			);
			runOnlyForDeploymentPostprocessing = 0;
		};
/* End PBXResourcesBuildPhase section */

/* Begin PBXShellScriptBuildPhase section */
		8765C58397F37B2EB1E736C3 /* [CP] Check Pods Manifest.lock */ = {
			isa = PBXShellScriptBuildPhase;
			buildActionMask = 2147483647;
			files = (
			);
			inputFileListPaths = (
			);
			inputPaths = (
				"${PODS_PODFILE_DIR_PATH}/Podfile.lock",
				"${PODS_ROOT}/Manifest.lock",
			);
			name = "[CP] Check Pods Manifest.lock";
			outputFileListPaths = (
			);
			outputPaths = (
				"$(DERIVED_FILE_DIR)/Pods-NEUStockApp-checkManifestLockResult.txt",
			);
			runOnlyForDeploymentPostprocessing = 0;
			shellPath = /bin/sh;
			shellScript = "diff \"${PODS_PODFILE_DIR_PATH}/Podfile.lock\" \"${PODS_ROOT}/Manifest.lock\" > /dev/null\nif [ $? != 0 ] ; then\n    # print error to STDERR\n    echo \"error: The sandbox is not in sync with the Podfile.lock. Run 'pod install' or update your CocoaPods installation.\" >&2\n    exit 1\nfi\n# This output is used by Xcode 'outputs' to avoid re-running this script phase.\necho \"SUCCESS\" > \"${SCRIPT_OUTPUT_FILE_0}\"\n";
			showEnvVarsInLog = 0;
		};
		8766D21E47D53C57106ABC62 /* [CP] Embed Pods Frameworks */ = {
			isa = PBXShellScriptBuildPhase;
			buildActionMask = 2147483647;
			files = (
			);
			inputFileListPaths = (
				"${PODS_ROOT}/Target Support Files/Pods-NEUStockApp/Pods-NEUStockApp-frameworks-${CONFIGURATION}-input-files.xcfilelist",
			);
			name = "[CP] Embed Pods Frameworks";
			outputFileListPaths = (
				"${PODS_ROOT}/Target Support Files/Pods-NEUStockApp/Pods-NEUStockApp-frameworks-${CONFIGURATION}-output-files.xcfilelist",
			);
			runOnlyForDeploymentPostprocessing = 0;
			shellPath = /bin/sh;
			shellScript = "\"${PODS_ROOT}/Target Support Files/Pods-NEUStockApp/Pods-NEUStockApp-frameworks.sh\"\n";
			showEnvVarsInLog = 0;
		};
/* End PBXShellScriptBuildPhase section */

/* Begin PBXSourcesBuildPhase section */
		B32FAA4029984ADD00934242 /* Sources */ = {
			isa = PBXSourcesBuildPhase;
			buildActionMask = 2147483647;
			files = (
				B32FAA4C29984ADD00934242 /* ViewController.swift in Sources */,
				B32FAA4829984ADD00934242 /* AppDelegate.swift in Sources */,
				B32FAA4A29984ADD00934242 /* SceneDelegate.swift in Sources */,
				B32FAA5D29984C8D00934242 /* Constant.swift in Sources */,
			);
			runOnlyForDeploymentPostprocessing = 0;
		};
/* End PBXSourcesBuildPhase section */

/* Begin PBXVariantGroup section */
		B32FAA4D29984ADD00934242 /* Main.storyboard */ = {
			isa = PBXVariantGroup;
			children = (
				B32FAA4E29984ADD00934242 /* Base */,
			);
			name = Main.storyboard;
			sourceTree = "<group>";
		};
		B32FAA5229984AE000934242 /* LaunchScreen.storyboard */ = {
			isa = PBXVariantGroup;
			children = (
				B32FAA5329984AE000934242 /* Base */,
			);
			name = LaunchScreen.storyboard;
			sourceTree = "<group>";
		};
/* End PBXVariantGroup section */

/* Begin XCBuildConfiguration section */
		B32FAA5629984AE000934242 /* Debug */ = {
			isa = XCBuildConfiguration;
			buildSettings = {
				ALWAYS_SEARCH_USER_PATHS = NO;
				CLANG_ANALYZER_NONNULL = YES;
				CLANG_ANALYZER_NUMBER_OBJECT_CONVERSION = YES_AGGRESSIVE;
				CLANG_CXX_LANGUAGE_STANDARD = "gnu++20";
				CLANG_ENABLE_MODULES = YES;
				CLANG_ENABLE_OBJC_ARC = YES;
				CLANG_ENABLE_OBJC_WEAK = YES;
				CLANG_WARN_BLOCK_CAPTURE_AUTORELEASING = YES;
				CLANG_WARN_BOOL_CONVERSION = YES;
				CLANG_WARN_COMMA = YES;
				CLANG_WARN_CONSTANT_CONVERSION = YES;
				CLANG_WARN_DEPRECATED_OBJC_IMPLEMENTATIONS = YES;
				CLANG_WARN_DIRECT_OBJC_ISA_USAGE = YES_ERROR;
				CLANG_WARN_DOCUMENTATION_COMMENTS = YES;
				CLANG_WARN_EMPTY_BODY = YES;
				CLANG_WARN_ENUM_CONVERSION = YES;
				CLANG_WARN_INFINITE_RECURSION = YES;
				CLANG_WARN_INT_CONVERSION = YES;
				CLANG_WARN_NON_LITERAL_NULL_CONVERSION = YES;
				CLANG_WARN_OBJC_IMPLICIT_RETAIN_SELF = YES;
				CLANG_WARN_OBJC_LITERAL_CONVERSION = YES;
				CLANG_WARN_OBJC_ROOT_CLASS = YES_ERROR;
				CLANG_WARN_QUOTED_INCLUDE_IN_FRAMEWORK_HEADER = YES;
				CLANG_WARN_RANGE_LOOP_ANALYSIS = YES;
				CLANG_WARN_STRICT_PROTOTYPES = YES;
				CLANG_WARN_SUSPICIOUS_MOVE = YES;
				CLANG_WARN_UNGUARDED_AVAILABILITY = YES_AGGRESSIVE;
				CLANG_WARN_UNREACHABLE_CODE = YES;
				CLANG_WARN__DUPLICATE_METHOD_MATCH = YES;
				COPY_PHASE_STRIP = NO;
				DEBUG_INFORMATION_FORMAT = dwarf;
				ENABLE_STRICT_OBJC_MSGSEND = YES;
				ENABLE_TESTABILITY = YES;
				GCC_C_LANGUAGE_STANDARD = gnu11;
				GCC_DYNAMIC_NO_PIC = NO;
				GCC_NO_COMMON_BLOCKS = YES;
				GCC_OPTIMIZATION_LEVEL = 0;
				GCC_PREPROCESSOR_DEFINITIONS = (
					"DEBUG=1",
					"$(inherited)",
				);
				GCC_WARN_64_TO_32_BIT_CONVERSION = YES;
				GCC_WARN_ABOUT_RETURN_TYPE = YES_ERROR;
				GCC_WARN_UNDECLARED_SELECTOR = YES;
				GCC_WARN_UNINITIALIZED_AUTOS = YES_AGGRESSIVE;
				GCC_WARN_UNUSED_FUNCTION = YES;
				GCC_WARN_UNUSED_VARIABLE = YES;
				IPHONEOS_DEPLOYMENT_TARGET = 16.2;
				MTL_ENABLE_DEBUG_INFO = INCLUDE_SOURCE;
				MTL_FAST_MATH = YES;
				ONLY_ACTIVE_ARCH = YES;
				SDKROOT = iphoneos;
				SWIFT_ACTIVE_COMPILATION_CONDITIONS = DEBUG;
				SWIFT_OPTIMIZATION_LEVEL = "-Onone";
			};
			name = Debug;
		};
		B32FAA5729984AE000934242 /* Release */ = {
			isa = XCBuildConfiguration;
			buildSettings = {
				ALWAYS_SEARCH_USER_PATHS = NO;
				CLANG_ANALYZER_NONNULL = YES;
				CLANG_ANALYZER_NUMBER_OBJECT_CONVERSION = YES_AGGRESSIVE;
				CLANG_CXX_LANGUAGE_STANDARD = "gnu++20";
				CLANG_ENABLE_MODULES = YES;
				CLANG_ENABLE_OBJC_ARC = YES;
				CLANG_ENABLE_OBJC_WEAK = YES;
				CLANG_WARN_BLOCK_CAPTURE_AUTORELEASING = YES;
				CLANG_WARN_BOOL_CONVERSION = YES;
				CLANG_WARN_COMMA = YES;
				CLANG_WARN_CONSTANT_CONVERSION = YES;
				CLANG_WARN_DEPRECATED_OBJC_IMPLEMENTATIONS = YES;
				CLANG_WARN_DIRECT_OBJC_ISA_USAGE = YES_ERROR;
				CLANG_WARN_DOCUMENTATION_COMMENTS = YES;
				CLANG_WARN_EMPTY_BODY = YES;
				CLANG_WARN_ENUM_CONVERSION = YES;
				CLANG_WARN_INFINITE_RECURSION = YES;
				CLANG_WARN_INT_CONVERSION = YES;
				CLANG_WARN_NON_LITERAL_NULL_CONVERSION = YES;
				CLANG_WARN_OBJC_IMPLICIT_RETAIN_SELF = YES;
				CLANG_WARN_OBJC_LITERAL_CONVERSION = YES;
				CLANG_WARN_OBJC_ROOT_CLASS = YES_ERROR;
				CLANG_WARN_QUOTED_INCLUDE_IN_FRAMEWORK_HEADER = YES;
				CLANG_WARN_RANGE_LOOP_ANALYSIS = YES;
				CLANG_WARN_STRICT_PROTOTYPES = YES;
				CLANG_WARN_SUSPICIOUS_MOVE = YES;
				CLANG_WARN_UNGUARDED_AVAILABILITY = YES_AGGRESSIVE;
				CLANG_WARN_UNREACHABLE_CODE = YES;
				CLANG_WARN__DUPLICATE_METHOD_MATCH = YES;
				COPY_PHASE_STRIP = NO;
				DEBUG_INFORMATION_FORMAT = "dwarf-with-dsym";
				ENABLE_NS_ASSERTIONS = NO;
				ENABLE_STRICT_OBJC_MSGSEND = YES;
				GCC_C_LANGUAGE_STANDARD = gnu11;
				GCC_NO_COMMON_BLOCKS = YES;
				GCC_WARN_64_TO_32_BIT_CONVERSION = YES;
				GCC_WARN_ABOUT_RETURN_TYPE = YES_ERROR;
				GCC_WARN_UNDECLARED_SELECTOR = YES;
				GCC_WARN_UNINITIALIZED_AUTOS = YES_AGGRESSIVE;
				GCC_WARN_UNUSED_FUNCTION = YES;
				GCC_WARN_UNUSED_VARIABLE = YES;
				IPHONEOS_DEPLOYMENT_TARGET = 16.2;
				MTL_ENABLE_DEBUG_INFO = NO;
				MTL_FAST_MATH = YES;
				SDKROOT = iphoneos;
				SWIFT_COMPILATION_MODE = wholemodule;
				SWIFT_OPTIMIZATION_LEVEL = "-O";
				VALIDATE_PRODUCT = YES;
			};
			name = Release;
		};
		B32FAA5929984AE000934242 /* Debug */ = {
			isa = XCBuildConfiguration;
			baseConfigurationReference = 58B235BD012AC2CE7C2A5BD7 /* Pods-NEUStockApp.debug.xcconfig */;
			buildSettings = {
				ASSETCATALOG_COMPILER_APPICON_NAME = AppIcon;
				ASSETCATALOG_COMPILER_GLOBAL_ACCENT_COLOR_NAME = AccentColor;
				CODE_SIGN_STYLE = Automatic;
				CURRENT_PROJECT_VERSION = 1;
				GENERATE_INFOPLIST_FILE = YES;
				INFOPLIST_FILE = NEUStockApp/Info.plist;
				INFOPLIST_KEY_UIApplicationSupportsIndirectInputEvents = YES;
				INFOPLIST_KEY_UILaunchStoryboardName = LaunchScreen;
				INFOPLIST_KEY_UIMainStoryboardFile = Main;
				INFOPLIST_KEY_UISupportedInterfaceOrientations_iPad = "UIInterfaceOrientationPortrait UIInterfaceOrientationPortraitUpsideDown UIInterfaceOrientationLandscapeLeft UIInterfaceOrientationLandscapeRight";
				INFOPLIST_KEY_UISupportedInterfaceOrientations_iPhone = "UIInterfaceOrientationPortrait UIInterfaceOrientationLandscapeLeft UIInterfaceOrientationLandscapeRight";
				LD_RUNPATH_SEARCH_PATHS = (
					"$(inherited)",
					"@executable_path/Frameworks",
				);
				MARKETING_VERSION = 1.0;
				PRODUCT_BUNDLE_IDENTIFIER = edu.northeastern.shuxinli.NEUStockApp;
				PRODUCT_NAME = "$(TARGET_NAME)";
				SWIFT_EMIT_LOC_STRINGS = YES;
				SWIFT_VERSION = 5.0;
				TARGETED_DEVICE_FAMILY = "1,2";
			};
			name = Debug;
		};
		B32FAA5A29984AE000934242 /* Release */ = {
			isa = XCBuildConfiguration;
			baseConfigurationReference = C0145A78A86CACC36A7C1B37 /* Pods-NEUStockApp.release.xcconfig */;
			buildSettings = {
				ASSETCATALOG_COMPILER_APPICON_NAME = AppIcon;
				ASSETCATALOG_COMPILER_GLOBAL_ACCENT_COLOR_NAME = AccentColor;
				CODE_SIGN_STYLE = Automatic;
				CURRENT_PROJECT_VERSION = 1;
				GENERATE_INFOPLIST_FILE = YES;
				INFOPLIST_FILE = NEUStockApp/Info.plist;
				INFOPLIST_KEY_UIApplicationSupportsIndirectInputEvents = YES;
				INFOPLIST_KEY_UILaunchStoryboardName = LaunchScreen;
				INFOPLIST_KEY_UIMainStoryboardFile = Main;
				INFOPLIST_KEY_UISupportedInterfaceOrientations_iPad = "UIInterfaceOrientationPortrait UIInterfaceOrientationPortraitUpsideDown UIInterfaceOrientationLandscapeLeft UIInterfaceOrientationLandscapeRight";
				INFOPLIST_KEY_UISupportedInterfaceOrientations_iPhone = "UIInterfaceOrientationPortrait UIInterfaceOrientationLandscapeLeft UIInterfaceOrientationLandscapeRight";
				LD_RUNPATH_SEARCH_PATHS = (
					"$(inherited)",
					"@executable_path/Frameworks",
				);
				MARKETING_VERSION = 1.0;
				PRODUCT_BUNDLE_IDENTIFIER = edu.northeastern.shuxinli.NEUStockApp;
				PRODUCT_NAME = "$(TARGET_NAME)";
				SWIFT_EMIT_LOC_STRINGS = YES;
				SWIFT_VERSION = 5.0;
				TARGETED_DEVICE_FAMILY = "1,2";
			};
			name = Release;
		};
/* End XCBuildConfiguration section */

/* Begin XCConfigurationList section */
		B32FAA3F29984ADD00934242 /* Build configuration list for PBXProject "NEUStockApp" */ = {
			isa = XCConfigurationList;
			buildConfigurations = (
				B32FAA5629984AE000934242 /* Debug */,
				B32FAA5729984AE000934242 /* Release */,
			);
			defaultConfigurationIsVisible = 0;
			defaultConfigurationName = Release;
		};
		B32FAA5829984AE000934242 /* Build configuration list for PBXNativeTarget "NEUStockApp" */ = {
			isa = XCConfigurationList;
			buildConfigurations = (
				B32FAA5929984AE000934242 /* Debug */,
				B32FAA5A29984AE000934242 /* Release */,
			);
			defaultConfigurationIsVisible = 0;
			defaultConfigurationName = Release;
		};
/* End XCConfigurationList section */
	};
	rootObject = B32FAA3C29984ADD00934242 /* Project object */;
}
